
Microsoft Visual Studio Solution File, Format Version 12.00
# Visual Studio Version 17
VisualStudioVersion = 17.8.34330.188
MinimumVisualStudioVersion = 10.0.40219.1
Project("{FAE04EC0-301F-11D3-BF4B-00C04F79EFBC}") = "WebApi", "WebApi\WebApi.csproj", "{641F017A-E83A-4BA4-9EB4-641BEA3FFC2D}"
EndProject
Global
	GlobalSection(SolutionConfigurationPlatforms) = preSolution
		Debug|Any CPU = Debug|Any CPU
		Release|Any CPU = Release|Any CPU
	EndGlobalSection
	GlobalSection(ProjectConfigurationPlatforms) = postSolution
		{641F017A-E83A-4BA4-9EB4-641BEA3FFC2D}.Debug|Any CPU.ActiveCfg = Debug|Any CPU
		{641F017A-E83A-4BA4-9EB4-641BEA3FFC2D}.Debug|Any CPU.Build.0 = Debug|Any CPU
		{641F017A-E83A-4BA4-9EB4-641BEA3FFC2D}.Release|Any CPU.ActiveCfg = Release|Any CPU
		{641F017A-E83A-4BA4-9EB4-641BEA3FFC2D}.Release|Any CPU.Build.0 = Release|Any CPU
	EndGlobalSection
	GlobalSection(SolutionProperties) = preSolution
		HideSolutionNode = FALSE
	EndGlobalSection
	GlobalSection(ExtensibilityGlobals) = postSolution
		SolutionGuid = {7C2F384F-F3EE-43F9-BEBB-B98625837E70}
	EndGlobalSection
EndGlobal
